// !$*UTF8*$!
{
	archiveVersion = 1;
	classes = {
	};
	objectVersion = 48;
	objects = {

/* Begin PBXBuildFile section */
		402F6D1C1FAEBB7D00AEA5F7 /* GenderNet.mlmodel in Sources */ = {isa = PBXBuildFile; fileRef = 402F6D1B1FAEBB7D00AEA5F7 /* GenderNet.mlmodel */; };
		40D6FA941FAD784900550B84 /* AppDelegate.swift in Sources */ = {isa = PBXBuildFile; fileRef = 40D6FA931FAD784900550B84 /* AppDelegate.swift */; };
		40D6FA961FAD784900550B84 /* ViewController.swift in Sources */ = {isa = PBXBuildFile; fileRef = 40D6FA951FAD784900550B84 /* ViewController.swift */; };
		40D6FA991FAD784900550B84 /* Main.storyboard in Resources */ = {isa = PBXBuildFile; fileRef = 40D6FA971FAD784900550B84 /* Main.storyboard */; };
		40D6FA9C1FAD784900550B84 /* Blind_Support.xcdatamodeld in Sources */ = {isa = PBXBuildFile; fileRef = 40D6FA9A1FAD784900550B84 /* Blind_Support.xcdatamodeld */; };
		40D6FA9E1FAD784900550B84 /* Assets.xcassets in Resources */ = {isa = PBXBuildFile; fileRef = 40D6FA9D1FAD784900550B84 /* Assets.xcassets */; };
		40D6FAA11FAD784900550B84 /* LaunchScreen.storyboard in Resources */ = {isa = PBXBuildFile; fileRef = 40D6FA9F1FAD784900550B84 /* LaunchScreen.storyboard */; };
		40D6FAB51FADDD6800550B84 /* AVFoundation.framework in Frameworks */ = {isa = PBXBuildFile; fileRef = 40D6FAB41FADDD5B00550B84 /* AVFoundation.framework */; };
		40D6FADC1FADF22000550B84 /* Resnet50.mlmodel in Sources */ = {isa = PBXBuildFile; fileRef = 40D6FADB1FADF22000550B84 /* Resnet50.mlmodel */; };
/* End PBXBuildFile section */

/* Begin PBXFileReference section */
		402F6D1B1FAEBB7D00AEA5F7 /* GenderNet.mlmodel */ = {isa = PBXFileReference; lastKnownFileType = file.mlmodel; path = GenderNet.mlmodel; sourceTree = "<group>"; };
		40D6FA901FAD784900550B84 /* Blind Support.app */ = {isa = PBXFileReference; explicitFileType = wrapper.application; includeInIndex = 0; path = "Blind Support.app"; sourceTree = BUILT_PRODUCTS_DIR; };
		40D6FA931FAD784900550B84 /* AppDelegate.swift */ = {isa = PBXFileReference; lastKnownFileType = sourcecode.swift; path = AppDelegate.swift; sourceTree = "<group>"; };
		40D6FA951FAD784900550B84 /* ViewController.swift */ = {isa = PBXFileReference; lastKnownFileType = sourcecode.swift; path = ViewController.swift; sourceTree = "<group>"; };
		40D6FA981FAD784900550B84 /* Base */ = {isa = PBXFileReference; lastKnownFileType = file.storyboard; name = Base; path = Base.lproj/Main.storyboard; sourceTree = "<group>"; };
		40D6FA9B1FAD784900550B84 /* Blind_Support.xcdatamodel */ = {isa = PBXFileReference; lastKnownFileType = wrapper.xcdatamodel; path = Blind_Support.xcdatamodel; sourceTree = "<group>"; };
		40D6FA9D1FAD784900550B84 /* Assets.xcassets */ = {isa = PBXFileReference; lastKnownFileType = folder.assetcatalog; path = Assets.xcassets; sourceTree = "<group>"; };
		40D6FAA01FAD784900550B84 /* Base */ = {isa = PBXFileReference; lastKnownFileType = file.storyboard; name = Base; path = Base.lproj/LaunchScreen.storyboard; sourceTree = "<group>"; };
		40D6FAA21FAD784900550B84 /* Info.plist */ = {isa = PBXFileReference; lastKnownFileType = text.plist.xml; path = Info.plist; sourceTree = "<group>"; };
		40D6FAB41FADDD5B00550B84 /* AVFoundation.framework */ = {isa = PBXFileReference; lastKnownFileType = wrapper.framework; name = AVFoundation.framework; path = System/Library/Frameworks/AVFoundation.framework; sourceTree = SDKROOT; };
		40D6FADB1FADF22000550B84 /* Resnet50.mlmodel */ = {isa = PBXFileReference; lastKnownFileType = file.mlmodel; path = Resnet50.mlmodel; sourceTree = "<group>"; };
/* End PBXFileReference section */

/* Begin PBXFrameworksBuildPhase section */
		40D6FA8D1FAD784900550B84 /* Frameworks */ = {
			isa = PBXFrameworksBuildPhase;
			buildActionMask = 2147483647;
			files = (
				40D6FAB51FADDD6800550B84 /* AVFoundation.framework in Frameworks */,
			);
			runOnlyForDeploymentPostprocessing = 0;
		};
/* End PBXFrameworksBuildPhase section */

/* Begin PBXGroup section */
		40D6FA871FAD784900550B84 = {
			isa = PBXGroup;
			children = (
				40D6FA921FAD784900550B84 /* Blind Support */,
				40D6FA911FAD784900550B84 /* Products */,
				40D6FAB31FADDD5B00550B84 /* Frameworks */,
			);
			sourceTree = "<group>";
		};
		40D6FA911FAD784900550B84 /* Products */ = {
			isa = PBXGroup;
			children = (
				40D6FA901FAD784900550B84 /* Blind Support.app */,
			);
			name = Products;
			sourceTree = "<group>";
		};
		40D6FA921FAD784900550B84 /* Blind Support */ = {
			isa = PBXGroup;
			children = (
				40D6FAAA1FAD874B00550B84 /* Model */,
				40D6FA931FAD784900550B84 /* AppDelegate.swift */,
				40D6FA951FAD784900550B84 /* ViewController.swift */,
				40D6FA971FAD784900550B84 /* Main.storyboard */,
				40D6FA9D1FAD784900550B84 /* Assets.xcassets */,
				40D6FA9F1FAD784900550B84 /* LaunchScreen.storyboard */,
				40D6FAA21FAD784900550B84 /* Info.plist */,
				40D6FA9A1FAD784900550B84 /* Blind_Support.xcdatamodeld */,
			);
			path = "Blind Support";
			sourceTree = "<group>";
		};
		40D6FAAA1FAD874B00550B84 /* Model */ = {
			isa = PBXGroup;
			children = (
				402F6D1B1FAEBB7D00AEA5F7 /* GenderNet.mlmodel */,
				40D6FADB1FADF22000550B84 /* Resnet50.mlmodel */,
			);
			path = Model;
			sourceTree = "<group>";
		};
		40D6FAB31FADDD5B00550B84 /* Frameworks */ = {
			isa = PBXGroup;
			children = (
				40D6FAB41FADDD5B00550B84 /* AVFoundation.framework */,
			);
			name = Frameworks;
			sourceTree = "<group>";
		};
/* End PBXGroup section */

/* Begin PBXNativeTarget section */
		40D6FA8F1FAD784900550B84 /* Blind Support */ = {
			isa = PBXNativeTarget;
			buildConfigurationList = 40D6FAA51FAD784900550B84 /* Build configuration list for PBXNativeTarget "Blind Support" */;
			buildPhases = (
				40D6FA8C1FAD784900550B84 /* Sources */,
				40D6FA8D1FAD784900550B84 /* Frameworks */,
				40D6FA8E1FAD784900550B84 /* Resources */,
			);
			buildRules = (
			);
			dependencies = (
			);
			name = "Blind Support";
			productName = "Blind Support";
			productReference = 40D6FA901FAD784900550B84 /* Blind Support.app */;
			productType = "com.apple.product-type.application";
		};
/* End PBXNativeTarget section */

/* Begin PBXProject section */
		40D6FA881FAD784900550B84 /* Project object */ = {
			isa = PBXProject;
			attributes = {
				LastSwiftUpdateCheck = 0910;
				LastUpgradeCheck = 0910;
				ORGANIZATIONNAME = ShivamSharma;
				TargetAttributes = {
					40D6FA8F1FAD784900550B84 = {
						CreatedOnToolsVersion = 9.1;
						ProvisioningStyle = Automatic;
					};
				};
			};
			buildConfigurationList = 40D6FA8B1FAD784900550B84 /* Build configuration list for PBXProject "Blind Support" */;
			compatibilityVersion = "Xcode 8.0";
			developmentRegion = en;
			hasScannedForEncodings = 0;
			knownRegions = (
				en,
				Base,
			);
			mainGroup = 40D6FA871FAD784900550B84;
			productRefGroup = 40D6FA911FAD784900550B84 /* Products */;
			projectDirPath = "";
			projectRoot = "";
			targets = (
				40D6FA8F1FAD784900550B84 /* Blind Support */,
			);
		};
/* End PBXProject section */

/* Begin PBXResourcesBuildPhase section */
		40D6FA8E1FAD784900550B84 /* Resources */ = {
			isa = PBXResourcesBuildPhase;
			buildActionMask = 2147483647;
			files = (
				40D6FAA11FAD784900550B84 /* LaunchScreen.storyboard in Resources */,
				40D6FA9E1FAD784900550B84 /* Assets.xcassets in Resources */,
				40D6FA991FAD784900550B84 /* Main.storyboard in Resources */,
			);
			runOnlyForDeploymentPostprocessing = 0;
		};
/* End PBXResourcesBuildPhase section */

/* Begin PBXSourcesBuildPhase section */
		40D6FA8C1FAD784900550B84 /* Sources */ = {
			isa = PBXSourcesBuildPhase;
			buildActionMask = 2147483647;
			files = (
				40D6FADC1FADF22000550B84 /* Resnet50.mlmodel in Sources */,
				40D6FA961FAD784900550B84 /* ViewController.swift in Sources */,
				402F6D1C1FAEBB7D00AEA5F7 /* GenderNet.mlmodel in Sources */,
				40D6FA941FAD784900550B84 /* AppDelegate.swift in Sources */,
				40D6FA9C1FAD784900550B84 /* Blind_Support.xcdatamodeld in Sources */,
			);
			runOnlyForDeploymentPostprocessing = 0;
		};
/* End PBXSourcesBuildPhase section */

/* Begin PBXVariantGroup section */
		40D6FA971FAD784900550B84 /* Main.storyboard */ = {
			isa = PBXVariantGroup;
			children = (
				40D6FA981FAD784900550B84 /* Base */,
			);
			name = Main.storyboard;
			sourceTree = "<group>";
		};
		40D6FA9F1FAD784900550B84 /* LaunchScreen.storyboard */ = {
			isa = PBXVariantGroup;
			children = (
				40D6FAA01FAD784900550B84 /* Base */,
			);
			name = LaunchScreen.storyboard;
			sourceTree = "<group>";
		};
/* End PBXVariantGroup section */

/* Begin XCBuildConfiguration section */
		40D6FAA31FAD784900550B84 /* Debug */ = {
			isa = XCBuildConfiguration;
			buildSettings = {
				ALWAYS_SEARCH_USER_PATHS = NO;
				CLANG_ANALYZER_NONNULL = YES;
				CLANG_ANALYZER_NUMBER_OBJECT_CONVERSION = YES_AGGRESSIVE;
				CLANG_CXX_LANGUAGE_STANDARD = "gnu++14";
				CLANG_CXX_LIBRARY = "libc++";
				CLANG_ENABLE_MODULES = YES;
				CLANG_ENABLE_OBJC_ARC = YES;
				CLANG_WARN_BLOCK_CAPTURE_AUTORELEASING = YES;
				CLANG_WARN_BOOL_CONVERSION = YES;
				CLANG_WARN_COMMA = YES;
				CLANG_WARN_CONSTANT_CONVERSION = YES;
				CLANG_WARN_DIRECT_OBJC_ISA_USAGE = YES_ERROR;
				CLANG_WARN_DOCUMENTATION_COMMENTS = YES;
				CLANG_WARN_EMPTY_BODY = YES;
				CLANG_WARN_ENUM_CONVERSION = YES;
				CLANG_WARN_INFINITE_RECURSION = YES;
				CLANG_WARN_INT_CONVERSION = YES;
				CLANG_WARN_NON_LITERAL_NULL_CONVERSION = YES;
				CLANG_WARN_OBJC_LITERAL_CONVERSION = YES;
				CLANG_WARN_OBJC_ROOT_CLASS = YES_ERROR;
				CLANG_WARN_RANGE_LOOP_ANALYSIS = YES;
				CLANG_WARN_STRICT_PROTOTYPES = YES;
				CLANG_WARN_SUSPICIOUS_MOVE = YES;
				CLANG_WARN_UNGUARDED_AVAILABILITY = YES_AGGRESSIVE;
				CLANG_WARN_UNREACHABLE_CODE = YES;
				CLANG_WARN__DUPLICATE_METHOD_MATCH = YES;
				CODE_SIGN_IDENTITY = "iPhone Developer";
				COPY_PHASE_STRIP = NO;
				DEBUG_INFORMATION_FORMAT = dwarf;
				ENABLE_STRICT_OBJC_MSGSEND = YES;
				ENABLE_TESTABILITY = YES;
				GCC_C_LANGUAGE_STANDARD = gnu11;
				GCC_DYNAMIC_NO_PIC = NO;
				GCC_NO_COMMON_BLOCKS = YES;
				GCC_OPTIMIZATION_LEVEL = 0;
				GCC_PREPROCESSOR_DEFINITIONS = (
					"DEBUG=1",
					"$(inherited)",
				);
				GCC_WARN_64_TO_32_BIT_CONVERSION = YES;
				GCC_WARN_ABOUT_RETURN_TYPE = YES_ERROR;
				GCC_WARN_UNDECLARED_SELECTOR = YES;
				GCC_WARN_UNINITIALIZED_AUTOS = YES_AGGRESSIVE;
				GCC_WARN_UNUSED_FUNCTION = YES;
				GCC_WARN_UNUSED_VARIABLE = YES;
				IPHONEOS_DEPLOYMENT_TARGET = 11.1;
				MTL_ENABLE_DEBUG_INFO = YES;
				ONLY_ACTIVE_ARCH = YES;
				SDKROOT = iphoneos;
				SWIFT_ACTIVE_COMPILATION_CONDITIONS = DEBUG;
				SWIFT_OPTIMIZATION_LEVEL = "-Onone";
			};
			name = Debug;
		};
		40D6FAA41FAD784900550B84 /* Release */ = {
			isa = XCBuildConfiguration;
			buildSettings = {
				ALWAYS_SEARCH_USER_PATHS = NO;
				CLANG_ANALYZER_NONNULL = YES;
				CLANG_ANALYZER_NUMBER_OBJECT_CONVERSION = YES_AGGRESSIVE;
				CLANG_CXX_LANGUAGE_STANDARD = "gnu++14";
				CLANG_CXX_LIBRARY = "libc++";
				CLANG_ENABLE_MODULES = YES;
				CLANG_ENABLE_OBJC_ARC = YES;
				CLANG_WARN_BLOCK_CAPTURE_AUTORELEASING = YES;
				CLANG_WARN_BOOL_CONVERSION = YES;
				CLANG_WARN_COMMA = YES;
				CLANG_WARN_CONSTANT_CONVERSION = YES;
				CLANG_WARN_DIRECT_OBJC_ISA_USAGE = YES_ERROR;
				CLANG_WARN_DOCUMENTATION_COMMENTS = YES;
				CLANG_WARN_EMPTY_BODY = YES;
				CLANG_WARN_ENUM_CONVERSION = YES;
				CLANG_WARN_INFINITE_RECURSION = YES;
				CLANG_WARN_INT_CONVERSION = YES;
				CLANG_WARN_NON_LITERAL_NULL_CONVERSION = YES;
				CLANG_WARN_OBJC_LITERAL_CONVERSION = YES;
				CLANG_WARN_OBJC_ROOT_CLASS = YES_ERROR;
				CLANG_WARN_RANGE_LOOP_ANALYSIS = YES;
				CLANG_WARN_STRICT_PROTOTYPES = YES;
				CLANG_WARN_SUSPICIOUS_MOVE = YES;
				CLANG_WARN_UNGUARDED_AVAILABILITY = YES_AGGRESSIVE;
				CLANG_WARN_UNREACHABLE_CODE = YES;
				CLANG_WARN__DUPLICATE_METHOD_MATCH = YES;
				CODE_SIGN_IDENTITY = "iPhone Developer";
				COPY_PHASE_STRIP = NO;
				DEBUG_INFORMATION_FORMAT = "dwarf-with-dsym";
				ENABLE_NS_ASSERTIONS = NO;
				ENABLE_STRICT_OBJC_MSGSEND = YES;
				GCC_C_LANGUAGE_STANDARD = gnu11;
				GCC_NO_COMMON_BLOCKS = YES;
				GCC_WARN_64_TO_32_BIT_CONVERSION = YES;
				GCC_WARN_ABOUT_RETURN_TYPE = YES_ERROR;
				GCC_WARN_UNDECLARED_SELECTOR = YES;
				GCC_WARN_UNINITIALIZED_AUTOS = YES_AGGRESSIVE;
				GCC_WARN_UNUSED_FUNCTION = YES;
				GCC_WARN_UNUSED_VARIABLE = YES;
				IPHONEOS_DEPLOYMENT_TARGET = 11.1;
				MTL_ENABLE_DEBUG_INFO = NO;
				SDKROOT = iphoneos;
				SWIFT_OPTIMIZATION_LEVEL = "-Owholemodule";
				VALIDATE_PRODUCT = YES;
			};
			name = Release;
		};
		40D6FAA61FAD784900550B84 /* Debug */ = {
			isa = XCBuildConfiguration;
			buildSettings = {
				ASSETCATALOG_COMPILER_APPICON_NAME = AppIcon;
				CODE_SIGN_STYLE = Automatic;
				DEVELOPMENT_TEAM = 9K8RYNA3CD;
				INFOPLIST_FILE = "Blind Support/Info.plist";
				IPHONEOS_DEPLOYMENT_TARGET = 11.0;
				LD_RUNPATH_SEARCH_PATHS = "$(inherited) @executable_path/Frameworks";
				PRODUCT_BUNDLE_IDENTIFIER = "com.ShivamSharma.Blind-Support";
				PRODUCT_NAME = "$(TARGET_NAME)";
				SWIFT_VERSION = 4.0;
				TARGETED_DEVICE_FAMILY = "1,2";
			};
			name = Debug;
		};
		40D6FAA71FAD784900550B84 /* Release */ = {
			isa = XCBuildConfiguration;
			buildSettings = {
				ASSETCATALOG_COMPILER_APPICON_NAME = AppIcon;
				CODE_SIGN_STYLE = Automatic;
				DEVELOPMENT_TEAM = 9K8RYNA3CD;
				INFOPLIST_FILE = "Blind Support/Info.plist";
				IPHONEOS_DEPLOYMENT_TARGET = 11.0;
				LD_RUNPATH_SEARCH_PATHS = "$(inherited) @executable_path/Frameworks";
				PRODUCT_BUNDLE_IDENTIFIER = "com.ShivamSharma.Blind-Support";
				PRODUCT_NAME = "$(TARGET_NAME)";
				SWIFT_VERSION = 4.0;
				TARGETED_DEVICE_FAMILY = "1,2";
			};
			name = Release;
		};
/* End XCBuildConfiguration section */

/* Begin XCConfigurationList section */
		40D6FA8B1FAD784900550B84 /* Build configuration list for PBXProject "Blind Support" */ = {
			isa = XCConfigurationList;
			buildConfigurations = (
				40D6FAA31FAD784900550B84 /* Debug */,
				40D6FAA41FAD784900550B84 /* Release */,
			);
			defaultConfigurationIsVisible = 0;
			defaultConfigurationName = Release;
		};
		40D6FAA51FAD784900550B84 /* Build configuration list for PBXNativeTarget "Blind Support" */ = {
			isa = XCConfigurationList;
			buildConfigurations = (
				40D6FAA61FAD784900550B84 /* Debug */,
				40D6FAA71FAD784900550B84 /* Release */,
			);
			defaultConfigurationIsVisible = 0;
			defaultConfigurationName = Release;
		};
/* End XCConfigurationList section */

/* Begin XCVersionGroup section */
		40D6FA9A1FAD784900550B84 /* Blind_Support.xcdatamodeld */ = {
			isa = XCVersionGroup;
			children = (
				40D6FA9B1FAD784900550B84 /* Blind_Support.xcdatamodel */,
			);
			currentVersion = 40D6FA9B1FAD784900550B84 /* Blind_Support.xcdatamodel */;
			path = Blind_Support.xcdatamodeld;
			sourceTree = "<group>";
			versionGroupType = wrapper.xcdatamodel;
		};
/* End XCVersionGroup section */
	};
	rootObject = 40D6FA881FAD784900550B84 /* Project object */;
}
